
Microsoft Visual Studio Solution File, Format Version 12.00
# Visual Studio Version 17
VisualStudioVersion = 17.6.33723.286
MinimumVisualStudioVersion = 10.0.40219.1
Project("{FAE04EC0-301F-11D3-BF4B-00C04F79EFBC}") = "GoF_Composite_Pattern", "GoF_Composite_Pattern.csproj", "{C7531999-689F-409A-96BD-B4E87B01B3E3}"
EndProject
Global
	GlobalSection(SolutionConfigurationPlatforms) = preSolution
		Debug|Any CPU = Debug|Any CPU
		Release|Any CPU = Release|Any CPU
	EndGlobalSection
	GlobalSection(ProjectConfigurationPlatforms) = postSolution
		{C7531999-689F-409A-96BD-B4E87B01B3E3}.Debug|Any CPU.ActiveCfg = Debug|Any CPU
		{C7531999-689F-409A-96BD-B4E87B01B3E3}.Debug|Any CPU.Build.0 = Debug|Any CPU
		{C7531999-689F-409A-96BD-B4E87B01B3E3}.Release|Any CPU.ActiveCfg = Release|Any CPU
		{C7531999-689F-409A-96BD-B4E87B01B3E3}.Release|Any CPU.Build.0 = Release|Any CPU
	EndGlobalSection
	GlobalSection(SolutionProperties) = preSolution
		HideSolutionNode = FALSE
	EndGlobalSection
	GlobalSection(ExtensibilityGlobals) = postSolution
		SolutionGuid = {5B24B04C-970C-46C5-9194-2AFD7E7C6099}
	EndGlobalSection
EndGlobal
